
Microsoft Visual Studio Solution File, Format Version 12.00
# Visual Studio Version 16
VisualStudioVersion = 16.0.32228.547
MinimumVisualStudioVersion = 10.0.40219.1
Project("{FAE04EC0-301F-11D3-BF4B-00C04F79EFBC}") = "seaching program use params parameter", "seaching program use params parameter\seaching program use params parameter.csproj", "{C057705C-5B88-48C6-9C7A-F81B047AF527}"
EndProject
Global
	GlobalSection(SolutionConfigurationPlatforms) = preSolution
		Debug|Any CPU = Debug|Any CPU
		Release|Any CPU = Release|Any CPU
	EndGlobalSection
	GlobalSection(ProjectConfigurationPlatforms) = postSolution
		{C057705C-5B88-48C6-9C7A-F81B047AF527}.Debug|Any CPU.ActiveCfg = Debug|Any CPU
		{C057705C-5B88-48C6-9C7A-F81B047AF527}.Debug|Any CPU.Build.0 = Debug|Any CPU
		{C057705C-5B88-48C6-9C7A-F81B047AF527}.Release|Any CPU.ActiveCfg = Release|Any CPU
		{C057705C-5B88-48C6-9C7A-F81B047AF527}.Release|Any CPU.Build.0 = Release|Any CPU
	EndGlobalSection
	GlobalSection(SolutionProperties) = preSolution
		HideSolutionNode = FALSE
	EndGlobalSection
	GlobalSection(ExtensibilityGlobals) = postSolution
		SolutionGuid = {6AC454D0-0ABA-4CFB-BA23-DEE4C9B10644}
	EndGlobalSection
EndGlobal
